
Microsoft Visual Studio Solution File, Format Version 12.00
# Visual Studio Version 16
VisualStudioVersion = 16.0.28803.156
MinimumVisualStudioVersion = 10.0.40219.1
Project("{FAE04EC0-301F-11D3-BF4B-00C04F79EFBC}") = "Loops", "Loops.csproj", "{09EE53A5-E058-4F74-95FF-B398D06DA2AF}"
EndProject
Global
	GlobalSection(SolutionConfigurationPlatforms) = preSolution
		Debug|Any CPU = Debug|Any CPU
		Release|Any CPU = Release|Any CPU
	EndGlobalSection
	GlobalSection(ProjectConfigurationPlatforms) = postSolution
		{09EE53A5-E058-4F74-95FF-B398D06DA2AF}.Debug|Any CPU.ActiveCfg = Debug|Any CPU
		{09EE53A5-E058-4F74-95FF-B398D06DA2AF}.Debug|Any CPU.Build.0 = Debug|Any CPU
		{09EE53A5-E058-4F74-95FF-B398D06DA2AF}.Release|Any CPU.ActiveCfg = Release|Any CPU
		{09EE53A5-E058-4F74-95FF-B398D06DA2AF}.Release|Any CPU.Build.0 = Release|Any CPU
	EndGlobalSection
	GlobalSection(SolutionProperties) = preSolution
		HideSolutionNode = FALSE
	EndGlobalSection
	GlobalSection(ExtensibilityGlobals) = postSolution
		SolutionGuid = {EAB8D292-A0BE-498F-9CD5-723C3D2F2E13}
	EndGlobalSection
EndGlobal
