
Microsoft Visual Studio Solution File, Format Version 12.00
# Visual Studio Version 16
VisualStudioVersion = 16.0.28803.156
MinimumVisualStudioVersion = 10.0.40219.1
Project("{FAE04EC0-301F-11D3-BF4B-00C04F79EFBC}") = "Blackjack", "Blackjack.csproj", "{9FC549E1-D4B8-4C30-B8A8-6DD72A542F82}"
EndProject
Global
	GlobalSection(SolutionConfigurationPlatforms) = preSolution
		Debug|Any CPU = Debug|Any CPU
		Release|Any CPU = Release|Any CPU
	EndGlobalSection
	GlobalSection(ProjectConfigurationPlatforms) = postSolution
		{9FC549E1-D4B8-4C30-B8A8-6DD72A542F82}.Debug|Any CPU.ActiveCfg = Debug|Any CPU
		{9FC549E1-D4B8-4C30-B8A8-6DD72A542F82}.Debug|Any CPU.Build.0 = Debug|Any CPU
		{9FC549E1-D4B8-4C30-B8A8-6DD72A542F82}.Release|Any CPU.ActiveCfg = Release|Any CPU
		{9FC549E1-D4B8-4C30-B8A8-6DD72A542F82}.Release|Any CPU.Build.0 = Release|Any CPU
	EndGlobalSection
	GlobalSection(SolutionProperties) = preSolution
		HideSolutionNode = FALSE
	EndGlobalSection
	GlobalSection(ExtensibilityGlobals) = postSolution
		SolutionGuid = {090F745B-4787-456D-934E-C6C6D09A76DA}
	EndGlobalSection
EndGlobal
