
Microsoft Visual Studio Solution File, Format Version 12.00
# Visual Studio Version 16
VisualStudioVersion = 16.0.28803.156
MinimumVisualStudioVersion = 10.0.40219.1
Project("{FAE04EC0-301F-11D3-BF4B-00C04F79EFBC}") = "ExcelDatabase", "ExcelDatabase\ExcelDatabase.csproj", "{A2B4FA71-D35A-4596-9414-AAB6A948BEEE}"
EndProject
Global
	GlobalSection(SolutionConfigurationPlatforms) = preSolution
		Debug|Any CPU = Debug|Any CPU
		Release|Any CPU = Release|Any CPU
	EndGlobalSection
	GlobalSection(ProjectConfigurationPlatforms) = postSolution
		{A2B4FA71-D35A-4596-9414-AAB6A948BEEE}.Debug|Any CPU.ActiveCfg = Debug|Any CPU
		{A2B4FA71-D35A-4596-9414-AAB6A948BEEE}.Debug|Any CPU.Build.0 = Debug|Any CPU
		{A2B4FA71-D35A-4596-9414-AAB6A948BEEE}.Release|Any CPU.ActiveCfg = Release|Any CPU
		{A2B4FA71-D35A-4596-9414-AAB6A948BEEE}.Release|Any CPU.Build.0 = Release|Any CPU
	EndGlobalSection
	GlobalSection(SolutionProperties) = preSolution
		HideSolutionNode = FALSE
	EndGlobalSection
	GlobalSection(ExtensibilityGlobals) = postSolution
		SolutionGuid = {3E35CDBE-CDAF-4216-B588-6A4C63545D10}
	EndGlobalSection
EndGlobal
