
Microsoft Visual Studio Solution File, Format Version 12.00
# Visual Studio Version 16
VisualStudioVersion = 16.0.28803.156
MinimumVisualStudioVersion = 10.0.40219.1
Project("{FAE04EC0-301F-11D3-BF4B-00C04F79EFBC}") = "StudentManagementSystem", "StudentManagementSystem\StudentManagementSystem.csproj", "{40EDD49B-897C-4CCF-9544-0AF947735A89}"
EndProject
Global
	GlobalSection(SolutionConfigurationPlatforms) = preSolution
		Debug|Any CPU = Debug|Any CPU
		Release|Any CPU = Release|Any CPU
	EndGlobalSection
	GlobalSection(ProjectConfigurationPlatforms) = postSolution
		{40EDD49B-897C-4CCF-9544-0AF947735A89}.Debug|Any CPU.ActiveCfg = Debug|Any CPU
		{40EDD49B-897C-4CCF-9544-0AF947735A89}.Debug|Any CPU.Build.0 = Debug|Any CPU
		{40EDD49B-897C-4CCF-9544-0AF947735A89}.Release|Any CPU.ActiveCfg = Release|Any CPU
		{40EDD49B-897C-4CCF-9544-0AF947735A89}.Release|Any CPU.Build.0 = Release|Any CPU
	EndGlobalSection
	GlobalSection(SolutionProperties) = preSolution
		HideSolutionNode = FALSE
	EndGlobalSection
	GlobalSection(ExtensibilityGlobals) = postSolution
		SolutionGuid = {E79F293D-00DA-486A-B473-1ED44F3AA75A}
	EndGlobalSection
EndGlobal
