
Microsoft Visual Studio Solution File, Format Version 12.00
# Visual Studio Version 16
VisualStudioVersion = 16.0.28803.156
MinimumVisualStudioVersion = 10.0.40219.1
Project("{FAE04EC0-301F-11D3-BF4B-00C04F79EFBC}") = "TechAcadStudentsMVC", "TechAcadStudentsMVC\TechAcadStudentsMVC.csproj", "{0F8D50E8-6525-410C-8E8D-0B70E213CB1D}"
EndProject
Global
	GlobalSection(SolutionConfigurationPlatforms) = preSolution
		Debug|Any CPU = Debug|Any CPU
		Release|Any CPU = Release|Any CPU
	EndGlobalSection
	GlobalSection(ProjectConfigurationPlatforms) = postSolution
		{0F8D50E8-6525-410C-8E8D-0B70E213CB1D}.Debug|Any CPU.ActiveCfg = Debug|Any CPU
		{0F8D50E8-6525-410C-8E8D-0B70E213CB1D}.Debug|Any CPU.Build.0 = Debug|Any CPU
		{0F8D50E8-6525-410C-8E8D-0B70E213CB1D}.Release|Any CPU.ActiveCfg = Release|Any CPU
		{0F8D50E8-6525-410C-8E8D-0B70E213CB1D}.Release|Any CPU.Build.0 = Release|Any CPU
	EndGlobalSection
	GlobalSection(SolutionProperties) = preSolution
		HideSolutionNode = FALSE
	EndGlobalSection
	GlobalSection(ExtensibilityGlobals) = postSolution
		SolutionGuid = {FE2DB39E-0FF6-4320-BF8E-C1A6A42592B2}
	EndGlobalSection
EndGlobal
