
Microsoft Visual Studio Solution File, Format Version 12.00
# Visual Studio Version 16
VisualStudioVersion = 16.0.28803.156
MinimumVisualStudioVersion = 10.0.40219.1
Project("{FAE04EC0-301F-11D3-BF4B-00C04F79EFBC}") = "Abstracts", "Abstracts.csproj", "{D616778B-6EC9-4CFA-8621-F2349F65DF76}"
EndProject
Global
	GlobalSection(SolutionConfigurationPlatforms) = preSolution
		Debug|Any CPU = Debug|Any CPU
		Release|Any CPU = Release|Any CPU
	EndGlobalSection
	GlobalSection(ProjectConfigurationPlatforms) = postSolution
		{D616778B-6EC9-4CFA-8621-F2349F65DF76}.Debug|Any CPU.ActiveCfg = Debug|Any CPU
		{D616778B-6EC9-4CFA-8621-F2349F65DF76}.Debug|Any CPU.Build.0 = Debug|Any CPU
		{D616778B-6EC9-4CFA-8621-F2349F65DF76}.Release|Any CPU.ActiveCfg = Release|Any CPU
		{D616778B-6EC9-4CFA-8621-F2349F65DF76}.Release|Any CPU.Build.0 = Release|Any CPU
	EndGlobalSection
	GlobalSection(SolutionProperties) = preSolution
		HideSolutionNode = FALSE
	EndGlobalSection
	GlobalSection(ExtensibilityGlobals) = postSolution
		SolutionGuid = {E3E14C37-8501-4261-9556-4602B5828E81}
	EndGlobalSection
EndGlobal
