
Microsoft Visual Studio Solution File, Format Version 12.00
# Visual Studio Version 16
VisualStudioVersion = 16.0.28803.156
MinimumVisualStudioVersion = 10.0.40219.1
Project("{FAE04EC0-301F-11D3-BF4B-00C04F79EFBC}") = "Classes2", "Classes2.csproj", "{8A762326-6775-442E-AE4A-4320F7B7651F}"
EndProject
Global
	GlobalSection(SolutionConfigurationPlatforms) = preSolution
		Debug|Any CPU = Debug|Any CPU
		Release|Any CPU = Release|Any CPU
	EndGlobalSection
	GlobalSection(ProjectConfigurationPlatforms) = postSolution
		{8A762326-6775-442E-AE4A-4320F7B7651F}.Debug|Any CPU.ActiveCfg = Debug|Any CPU
		{8A762326-6775-442E-AE4A-4320F7B7651F}.Debug|Any CPU.Build.0 = Debug|Any CPU
		{8A762326-6775-442E-AE4A-4320F7B7651F}.Release|Any CPU.ActiveCfg = Release|Any CPU
		{8A762326-6775-442E-AE4A-4320F7B7651F}.Release|Any CPU.Build.0 = Release|Any CPU
	EndGlobalSection
	GlobalSection(SolutionProperties) = preSolution
		HideSolutionNode = FALSE
	EndGlobalSection
	GlobalSection(ExtensibilityGlobals) = postSolution
		SolutionGuid = {4025F366-5686-44F0-9B60-63D937D0E9F2}
	EndGlobalSection
EndGlobal
