
Microsoft Visual Studio Solution File, Format Version 12.00
# Visual Studio Version 16
VisualStudioVersion = 16.0.28803.156
MinimumVisualStudioVersion = 10.0.40219.1
Project("{FAE04EC0-301F-11D3-BF4B-00C04F79EFBC}") = "Inheritance", "Inheritance.csproj", "{EF9A078C-0D01-45F8-9AB3-37EADADA1A4B}"
EndProject
Global
	GlobalSection(SolutionConfigurationPlatforms) = preSolution
		Debug|Any CPU = Debug|Any CPU
		Release|Any CPU = Release|Any CPU
	EndGlobalSection
	GlobalSection(ProjectConfigurationPlatforms) = postSolution
		{EF9A078C-0D01-45F8-9AB3-37EADADA1A4B}.Debug|Any CPU.ActiveCfg = Debug|Any CPU
		{EF9A078C-0D01-45F8-9AB3-37EADADA1A4B}.Debug|Any CPU.Build.0 = Debug|Any CPU
		{EF9A078C-0D01-45F8-9AB3-37EADADA1A4B}.Release|Any CPU.ActiveCfg = Release|Any CPU
		{EF9A078C-0D01-45F8-9AB3-37EADADA1A4B}.Release|Any CPU.Build.0 = Release|Any CPU
	EndGlobalSection
	GlobalSection(SolutionProperties) = preSolution
		HideSolutionNode = FALSE
	EndGlobalSection
	GlobalSection(ExtensibilityGlobals) = postSolution
		SolutionGuid = {63A33FB0-C2FD-40DA-B553-BFF9E3848DF5}
	EndGlobalSection
EndGlobal
