
Microsoft Visual Studio Solution File, Format Version 12.00
# Visual Studio Version 16
VisualStudioVersion = 16.0.28803.156
MinimumVisualStudioVersion = 10.0.40219.1
Project("{FAE04EC0-301F-11D3-BF4B-00C04F79EFBC}") = "Classes", "Classes.csproj", "{ABF7A64E-53BC-4273-AEF5-FAA24D5FFEB3}"
EndProject
Global
	GlobalSection(SolutionConfigurationPlatforms) = preSolution
		Debug|Any CPU = Debug|Any CPU
		Release|Any CPU = Release|Any CPU
	EndGlobalSection
	GlobalSection(ProjectConfigurationPlatforms) = postSolution
		{ABF7A64E-53BC-4273-AEF5-FAA24D5FFEB3}.Debug|Any CPU.ActiveCfg = Debug|Any CPU
		{ABF7A64E-53BC-4273-AEF5-FAA24D5FFEB3}.Debug|Any CPU.Build.0 = Debug|Any CPU
		{ABF7A64E-53BC-4273-AEF5-FAA24D5FFEB3}.Release|Any CPU.ActiveCfg = Release|Any CPU
		{ABF7A64E-53BC-4273-AEF5-FAA24D5FFEB3}.Release|Any CPU.Build.0 = Release|Any CPU
	EndGlobalSection
	GlobalSection(SolutionProperties) = preSolution
		HideSolutionNode = FALSE
	EndGlobalSection
	GlobalSection(ExtensibilityGlobals) = postSolution
		SolutionGuid = {EC05387F-847C-42EA-B161-00C57DFBEF8F}
	EndGlobalSection
EndGlobal
