
Microsoft Visual Studio Solution File, Format Version 12.00
# Visual Studio Version 16
VisualStudioVersion = 16.0.28803.156
MinimumVisualStudioVersion = 10.0.40219.1
Project("{FAE04EC0-301F-11D3-BF4B-00C04F79EFBC}") = "AdvErrorHandling", "AdvErrorHandling.csproj", "{882694E9-7925-4616-AA81-4AFBD0F2DE6D}"
EndProject
Global
	GlobalSection(SolutionConfigurationPlatforms) = preSolution
		Debug|Any CPU = Debug|Any CPU
		Release|Any CPU = Release|Any CPU
	EndGlobalSection
	GlobalSection(ProjectConfigurationPlatforms) = postSolution
		{882694E9-7925-4616-AA81-4AFBD0F2DE6D}.Debug|Any CPU.ActiveCfg = Debug|Any CPU
		{882694E9-7925-4616-AA81-4AFBD0F2DE6D}.Debug|Any CPU.Build.0 = Debug|Any CPU
		{882694E9-7925-4616-AA81-4AFBD0F2DE6D}.Release|Any CPU.ActiveCfg = Release|Any CPU
		{882694E9-7925-4616-AA81-4AFBD0F2DE6D}.Release|Any CPU.Build.0 = Release|Any CPU
	EndGlobalSection
	GlobalSection(SolutionProperties) = preSolution
		HideSolutionNode = FALSE
	EndGlobalSection
	GlobalSection(ExtensibilityGlobals) = postSolution
		SolutionGuid = {F067DD5A-BB8D-4630-8C0E-77DB4E254934}
	EndGlobalSection
EndGlobal
