
Microsoft Visual Studio Solution File, Format Version 12.00
# Visual Studio Version 16
VisualStudioVersion = 16.0.28803.156
MinimumVisualStudioVersion = 10.0.40219.1
Project("{FAE04EC0-301F-11D3-BF4B-00C04F79EFBC}") = "Lambda", "Lambda.csproj", "{904F8DB3-7290-4BC7-9010-AF389CC4C1ED}"
EndProject
Global
	GlobalSection(SolutionConfigurationPlatforms) = preSolution
		Debug|Any CPU = Debug|Any CPU
		Release|Any CPU = Release|Any CPU
	EndGlobalSection
	GlobalSection(ProjectConfigurationPlatforms) = postSolution
		{904F8DB3-7290-4BC7-9010-AF389CC4C1ED}.Debug|Any CPU.ActiveCfg = Debug|Any CPU
		{904F8DB3-7290-4BC7-9010-AF389CC4C1ED}.Debug|Any CPU.Build.0 = Debug|Any CPU
		{904F8DB3-7290-4BC7-9010-AF389CC4C1ED}.Release|Any CPU.ActiveCfg = Release|Any CPU
		{904F8DB3-7290-4BC7-9010-AF389CC4C1ED}.Release|Any CPU.Build.0 = Release|Any CPU
	EndGlobalSection
	GlobalSection(SolutionProperties) = preSolution
		HideSolutionNode = FALSE
	EndGlobalSection
	GlobalSection(ExtensibilityGlobals) = postSolution
		SolutionGuid = {277FB68F-5546-4CC3-8980-76CCB1141D51}
	EndGlobalSection
EndGlobal
