
Microsoft Visual Studio Solution File, Format Version 12.00
# Visual Studio Version 16
VisualStudioVersion = 16.0.28803.156
MinimumVisualStudioVersion = 10.0.40219.1
Project("{FAE04EC0-301F-11D3-BF4B-00C04F79EFBC}") = "Generics", "Generics.csproj", "{077B8680-9583-4C68-9E81-A04696F5363C}"
EndProject
Global
	GlobalSection(SolutionConfigurationPlatforms) = preSolution
		Debug|Any CPU = Debug|Any CPU
		Release|Any CPU = Release|Any CPU
	EndGlobalSection
	GlobalSection(ProjectConfigurationPlatforms) = postSolution
		{077B8680-9583-4C68-9E81-A04696F5363C}.Debug|Any CPU.ActiveCfg = Debug|Any CPU
		{077B8680-9583-4C68-9E81-A04696F5363C}.Debug|Any CPU.Build.0 = Debug|Any CPU
		{077B8680-9583-4C68-9E81-A04696F5363C}.Release|Any CPU.ActiveCfg = Release|Any CPU
		{077B8680-9583-4C68-9E81-A04696F5363C}.Release|Any CPU.Build.0 = Release|Any CPU
	EndGlobalSection
	GlobalSection(SolutionProperties) = preSolution
		HideSolutionNode = FALSE
	EndGlobalSection
	GlobalSection(ExtensibilityGlobals) = postSolution
		SolutionGuid = {2661F393-5286-4A3F-BD7E-2DF016EFDB97}
	EndGlobalSection
EndGlobal
