
Microsoft Visual Studio Solution File, Format Version 12.00
# Visual Studio Version 16
VisualStudioVersion = 16.0.28803.156
MinimumVisualStudioVersion = 10.0.40219.1
Project("{FAE04EC0-301F-11D3-BF4B-00C04F79EFBC}") = "Exception Handling", "Exception Handling.csproj", "{122E8585-C8B9-49ED-9B85-BD86B1910B99}"
EndProject
Global
	GlobalSection(SolutionConfigurationPlatforms) = preSolution
		Debug|Any CPU = Debug|Any CPU
		Release|Any CPU = Release|Any CPU
	EndGlobalSection
	GlobalSection(ProjectConfigurationPlatforms) = postSolution
		{122E8585-C8B9-49ED-9B85-BD86B1910B99}.Debug|Any CPU.ActiveCfg = Debug|Any CPU
		{122E8585-C8B9-49ED-9B85-BD86B1910B99}.Debug|Any CPU.Build.0 = Debug|Any CPU
		{122E8585-C8B9-49ED-9B85-BD86B1910B99}.Release|Any CPU.ActiveCfg = Release|Any CPU
		{122E8585-C8B9-49ED-9B85-BD86B1910B99}.Release|Any CPU.Build.0 = Release|Any CPU
	EndGlobalSection
	GlobalSection(SolutionProperties) = preSolution
		HideSolutionNode = FALSE
	EndGlobalSection
	GlobalSection(ExtensibilityGlobals) = postSolution
		SolutionGuid = {882F6C69-C1FB-44AC-9281-CB208487E6B5}
	EndGlobalSection
EndGlobal
